
Microsoft Visual Studio Solution File, Format Version 12.00
# Visual Studio Version 17
VisualStudioVersion = 17.9.34728.123
MinimumVisualStudioVersion = 10.0.40219.1
Project("{FAE04EC0-301F-11D3-BF4B-00C04F79EFBC}") = "sleeper", "sleeper.csproj", "{915C363E-67DA-4564-922A-59639C2F12EE}"
EndProject
Global
	GlobalSection(SolutionConfigurationPlatforms) = preSolution
		Debug|Any CPU = Debug|Any CPU
		Release|Any CPU = Release|Any CPU
	EndGlobalSection
	GlobalSection(ProjectConfigurationPlatforms) = postSolution
		{915C363E-67DA-4564-922A-59639C2F12EE}.Debug|Any CPU.ActiveCfg = Debug|Any CPU
		{915C363E-67DA-4564-922A-59639C2F12EE}.Debug|Any CPU.Build.0 = Debug|Any CPU
		{915C363E-67DA-4564-922A-59639C2F12EE}.Release|Any CPU.ActiveCfg = Release|Any CPU
		{915C363E-67DA-4564-922A-59639C2F12EE}.Release|Any CPU.Build.0 = Release|Any CPU
	EndGlobalSection
	GlobalSection(SolutionProperties) = preSolution
		HideSolutionNode = FALSE
	EndGlobalSection
	GlobalSection(ExtensibilityGlobals) = postSolution
		SolutionGuid = {5F3F180A-9E47-4427-9C9F-16A79D40B91F}
	EndGlobalSection
EndGlobal
